{
    "hash": "e757aaa71814c3d67d7f2f79702df5ee",
    "packages": [
        {
            "package": "devmx/Teamspeak3-Library",
            "version": "dev-master",
            "source-reference": "571c4e2a09cff42f4679556ccba1b0c197135187",
            "commit-date": "1342207317"
        },
        {
            "package": "pimple/pimple",
            "version": "1.0.0"
        }
    ],
    "packages-dev": null,
    "aliases": [

    ],
    "minimum-stability": "stable",
    "stability-flags": {
        "devmx/teamspeak3-library": 20
    }
}
